
Microsoft Visual Studio Solution File, Format Version 12.00
Project("{FAE04EC0-301F-11D3-BF4B-00C04F79EFBC}") = "ImageRenameHelper", "ImageRenameHelper\ImageRenameHelper.csproj", "{80FDB25D-B080-41EB-867B-F429B4C6E33C}"
EndProject
Project("{FAE04EC0-301F-11D3-BF4B-00C04F79EFBC}") = "ImageRenameHelperTest", "ImageRenameHelperTest\ImageRenameHelperTest.csproj", "{71EC052F-0A42-4C3B-BA3E-16BA93F82666}"
EndProject
Global
	GlobalSection(SolutionConfigurationPlatforms) = preSolution
		Debug|Any CPU = Debug|Any CPU
		Release|Any CPU = Release|Any CPU
	EndGlobalSection
	GlobalSection(ProjectConfigurationPlatforms) = postSolution
		{80FDB25D-B080-41EB-867B-F429B4C6E33C}.Debug|Any CPU.ActiveCfg = Debug|Any CPU
		{80FDB25D-B080-41EB-867B-F429B4C6E33C}.Debug|Any CPU.Build.0 = Debug|Any CPU
		{80FDB25D-B080-41EB-867B-F429B4C6E33C}.Release|Any CPU.ActiveCfg = Release|Any CPU
		{80FDB25D-B080-41EB-867B-F429B4C6E33C}.Release|Any CPU.Build.0 = Release|Any CPU
		{71EC052F-0A42-4C3B-BA3E-16BA93F82666}.Debug|Any CPU.ActiveCfg = Debug|Any CPU
		{71EC052F-0A42-4C3B-BA3E-16BA93F82666}.Debug|Any CPU.Build.0 = Debug|Any CPU
		{71EC052F-0A42-4C3B-BA3E-16BA93F82666}.Release|Any CPU.ActiveCfg = Release|Any CPU
		{71EC052F-0A42-4C3B-BA3E-16BA93F82666}.Release|Any CPU.Build.0 = Release|Any CPU
	EndGlobalSection
EndGlobal
